{
  "name": "fetcheer",
  "version": "0.0.1",
  "lockfileVersion": 1,
  "requires": true,
  "dependencies": {
    "jsend-client": {
      "version": "0.0.1",
      "resolved": "https://registry.npmjs.org/jsend-client/-/jsend-client-0.0.1.tgz",
      "integrity": "sha512-HHdm/F3wTIjyPCUbMG6oP6o+VtTM2NNetNv6aw9ZXTl428M/dITKrQd3BrCePEY/3/7t0d5i7nXeHQM1erVSEw=="
    }
  }
}
